
Microsoft Visual Studio Solution File, Format Version 12.00
# Visual Studio 15
VisualStudioVersion = 15.0.26403.7
MinimumVisualStudioVersion = 10.0.40219.1
Project("{FAE04EC0-301F-11D3-BF4B-00C04F79EFBC}") = "ShufflerPro.Core", "ShufflerPro.Core\ShufflerPro.Core.csproj", "{158BBFB0-9FA1-4746-B5A4-A29B2C33FAA6}"
EndProject
Project("{FAE04EC0-301F-11D3-BF4B-00C04F79EFBC}") = "ShufflerPro.Loader", "ShufflerPro.Loader\ShufflerPro.Loader.csproj", "{F7C35370-C180-4760-8A1F-B2234141107A}"
EndProject
Project("{FAE04EC0-301F-11D3-BF4B-00C04F79EFBC}") = "ShufflerPro.Pro", "ShufflerPro.Pro\ShufflerPro.Pro.csproj", "{5D1E7B42-F524-423F-90F6-35F6C63C7B78}"
EndProject
Global
	GlobalSection(SolutionConfigurationPlatforms) = preSolution
		Debug|Any CPU = Debug|Any CPU
		Release|Any CPU = Release|Any CPU
	EndGlobalSection
	GlobalSection(ProjectConfigurationPlatforms) = postSolution
		{158BBFB0-9FA1-4746-B5A4-A29B2C33FAA6}.Debug|Any CPU.ActiveCfg = Debug|Any CPU
		{158BBFB0-9FA1-4746-B5A4-A29B2C33FAA6}.Debug|Any CPU.Build.0 = Debug|Any CPU
		{158BBFB0-9FA1-4746-B5A4-A29B2C33FAA6}.Release|Any CPU.ActiveCfg = Release|Any CPU
		{158BBFB0-9FA1-4746-B5A4-A29B2C33FAA6}.Release|Any CPU.Build.0 = Release|Any CPU
		{F7C35370-C180-4760-8A1F-B2234141107A}.Debug|Any CPU.ActiveCfg = Debug|Any CPU
		{F7C35370-C180-4760-8A1F-B2234141107A}.Debug|Any CPU.Build.0 = Debug|Any CPU
		{F7C35370-C180-4760-8A1F-B2234141107A}.Release|Any CPU.ActiveCfg = Release|Any CPU
		{F7C35370-C180-4760-8A1F-B2234141107A}.Release|Any CPU.Build.0 = Release|Any CPU
		{5D1E7B42-F524-423F-90F6-35F6C63C7B78}.Debug|Any CPU.ActiveCfg = Debug|Any CPU
		{5D1E7B42-F524-423F-90F6-35F6C63C7B78}.Debug|Any CPU.Build.0 = Debug|Any CPU
		{5D1E7B42-F524-423F-90F6-35F6C63C7B78}.Release|Any CPU.ActiveCfg = Release|Any CPU
		{5D1E7B42-F524-423F-90F6-35F6C63C7B78}.Release|Any CPU.Build.0 = Release|Any CPU
	EndGlobalSection
	GlobalSection(SolutionProperties) = preSolution
		HideSolutionNode = FALSE
	EndGlobalSection
EndGlobal
